
Microsoft Visual Studio Solution File, Format Version 12.00
# Visual Studio Version 17
VisualStudioVersion = 17.8.34309.116
MinimumVisualStudioVersion = 10.0.40219.1
Project("{9A19103F-16F7-4668-BE54-9A1E7A4F7556}") = "PetHealthMonitor.Domain", "PetHealthMonitor.Domain\PetHealthMonitor.Domain.csproj", "{D2D4868A-7DA3-4ED9-89EB-A5A061F6CD47}"
EndProject
Project("{9A19103F-16F7-4668-BE54-9A1E7A4F7556}") = "PetHealthMonitor.Application", "PetHealthMonitor.Application\PetHealthMonitor.Application.csproj", "{DDDEE91D-ECC0-40E0-9A10-461EE8CADF8D}"
EndProject
Project("{9A19103F-16F7-4668-BE54-9A1E7A4F7556}") = "PetHealthMonitor.Infrastructure", "PetHealthMonitor.Infrastructure\PetHealthMonitor.Infrastructure.csproj", "{9A33EBCF-CD08-418E-90C0-BF7ABDE1149B}"
EndProject
Project("{9A19103F-16F7-4668-BE54-9A1E7A4F7556}") = "PetHealthMonitor.Consumer", "PetHealthMonitor.Consumer\PetHealthMonitor.Consumer.csproj", "{895BB321-0C8B-4F1F-A251-7F94570AA0A9}"
EndProject
Project("{9A19103F-16F7-4668-BE54-9A1E7A4F7556}") = "PetHealthMonitor.Producer", "PetHealthMonitor.Producer\PetHealthMonitor.Producer.csproj", "{932ED32C-164A-4716-A4FA-5D300D08BC55}"
EndProject
Project("{9A19103F-16F7-4668-BE54-9A1E7A4F7556}") = "PetHealthMonitor.IntegrationEvents", "PetHealthMonitor.IntegrationEvents\PetHealthMonitor.IntegrationEvents.csproj", "{310DBA15-A4F8-45A9-9B6C-0E142B379967}"
EndProject
Project("{E53339B2-1760-4266-BCC7-CA923CBCF16C}") = "docker-compose", "docker-compose.dcproj", "{B3242890-169C-4B4B-BB32-CF80E4DC4ABC}"
EndProject
Project("{9A19103F-16F7-4668-BE54-9A1E7A4F7556}") = "PetHealthMonitor.Function.Consumer", "PetHealthMonitor.Function.Consumer\PetHealthMonitor.Function.Consumer.csproj", "{9B22EB7D-44A1-4B95-8D25-040A20BF85B8}"
EndProject
Project("{2150E333-8FDC-42A3-9474-1A3956D46DE8}") = "Core", "Core", "{BC783C73-3CFE-471F-8EE5-1286E9D63EB2}"
EndProject
Project("{2150E333-8FDC-42A3-9474-1A3956D46DE8}") = "Infrastructure", "Infrastructure", "{EE239460-DD24-4501-A722-1F4014725C2F}"
EndProject
Project("{2150E333-8FDC-42A3-9474-1A3956D46DE8}") = "Presentation", "Presentation", "{8C6D631E-62DC-4227-8496-6CE4E1805FD3}"
EndProject
Project("{2150E333-8FDC-42A3-9474-1A3956D46DE8}") = "Tests", "Tests", "{8C329F91-46EC-4C85-90D9-20839B59DD05}"
EndProject
Project("{9A19103F-16F7-4668-BE54-9A1E7A4F7556}") = "PetHealthMonitor.Unit.Tests", "PetHealthMonitor.Unit.Tests\PetHealthMonitor.Unit.Tests.csproj", "{9F46D9AE-C704-4167-AA6B-6816A90E282C}"
EndProject
Global
	GlobalSection(SolutionConfigurationPlatforms) = preSolution
		Debug|Any CPU = Debug|Any CPU
		Release|Any CPU = Release|Any CPU
	EndGlobalSection
	GlobalSection(ProjectConfigurationPlatforms) = postSolution
		{D2D4868A-7DA3-4ED9-89EB-A5A061F6CD47}.Debug|Any CPU.ActiveCfg = Debug|Any CPU
		{D2D4868A-7DA3-4ED9-89EB-A5A061F6CD47}.Debug|Any CPU.Build.0 = Debug|Any CPU
		{D2D4868A-7DA3-4ED9-89EB-A5A061F6CD47}.Release|Any CPU.ActiveCfg = Release|Any CPU
		{D2D4868A-7DA3-4ED9-89EB-A5A061F6CD47}.Release|Any CPU.Build.0 = Release|Any CPU
		{DDDEE91D-ECC0-40E0-9A10-461EE8CADF8D}.Debug|Any CPU.ActiveCfg = Debug|Any CPU
		{DDDEE91D-ECC0-40E0-9A10-461EE8CADF8D}.Debug|Any CPU.Build.0 = Debug|Any CPU
		{DDDEE91D-ECC0-40E0-9A10-461EE8CADF8D}.Release|Any CPU.ActiveCfg = Release|Any CPU
		{DDDEE91D-ECC0-40E0-9A10-461EE8CADF8D}.Release|Any CPU.Build.0 = Release|Any CPU
		{9A33EBCF-CD08-418E-90C0-BF7ABDE1149B}.Debug|Any CPU.ActiveCfg = Debug|Any CPU
		{9A33EBCF-CD08-418E-90C0-BF7ABDE1149B}.Debug|Any CPU.Build.0 = Debug|Any CPU
		{9A33EBCF-CD08-418E-90C0-BF7ABDE1149B}.Release|Any CPU.ActiveCfg = Release|Any CPU
		{9A33EBCF-CD08-418E-90C0-BF7ABDE1149B}.Release|Any CPU.Build.0 = Release|Any CPU
		{895BB321-0C8B-4F1F-A251-7F94570AA0A9}.Debug|Any CPU.ActiveCfg = Debug|Any CPU
		{895BB321-0C8B-4F1F-A251-7F94570AA0A9}.Debug|Any CPU.Build.0 = Debug|Any CPU
		{895BB321-0C8B-4F1F-A251-7F94570AA0A9}.Release|Any CPU.ActiveCfg = Release|Any CPU
		{895BB321-0C8B-4F1F-A251-7F94570AA0A9}.Release|Any CPU.Build.0 = Release|Any CPU
		{932ED32C-164A-4716-A4FA-5D300D08BC55}.Debug|Any CPU.ActiveCfg = Debug|Any CPU
		{932ED32C-164A-4716-A4FA-5D300D08BC55}.Debug|Any CPU.Build.0 = Debug|Any CPU
		{932ED32C-164A-4716-A4FA-5D300D08BC55}.Release|Any CPU.ActiveCfg = Release|Any CPU
		{932ED32C-164A-4716-A4FA-5D300D08BC55}.Release|Any CPU.Build.0 = Release|Any CPU
		{310DBA15-A4F8-45A9-9B6C-0E142B379967}.Debug|Any CPU.ActiveCfg = Debug|Any CPU
		{310DBA15-A4F8-45A9-9B6C-0E142B379967}.Debug|Any CPU.Build.0 = Debug|Any CPU
		{310DBA15-A4F8-45A9-9B6C-0E142B379967}.Release|Any CPU.ActiveCfg = Release|Any CPU
		{310DBA15-A4F8-45A9-9B6C-0E142B379967}.Release|Any CPU.Build.0 = Release|Any CPU
		{B3242890-169C-4B4B-BB32-CF80E4DC4ABC}.Debug|Any CPU.ActiveCfg = Debug|Any CPU
		{B3242890-169C-4B4B-BB32-CF80E4DC4ABC}.Debug|Any CPU.Build.0 = Debug|Any CPU
		{B3242890-169C-4B4B-BB32-CF80E4DC4ABC}.Release|Any CPU.ActiveCfg = Release|Any CPU
		{B3242890-169C-4B4B-BB32-CF80E4DC4ABC}.Release|Any CPU.Build.0 = Release|Any CPU
		{9B22EB7D-44A1-4B95-8D25-040A20BF85B8}.Debug|Any CPU.ActiveCfg = Debug|Any CPU
		{9B22EB7D-44A1-4B95-8D25-040A20BF85B8}.Debug|Any CPU.Build.0 = Debug|Any CPU
		{9B22EB7D-44A1-4B95-8D25-040A20BF85B8}.Release|Any CPU.ActiveCfg = Release|Any CPU
		{9B22EB7D-44A1-4B95-8D25-040A20BF85B8}.Release|Any CPU.Build.0 = Release|Any CPU
		{9F46D9AE-C704-4167-AA6B-6816A90E282C}.Debug|Any CPU.ActiveCfg = Debug|Any CPU
		{9F46D9AE-C704-4167-AA6B-6816A90E282C}.Debug|Any CPU.Build.0 = Debug|Any CPU
		{9F46D9AE-C704-4167-AA6B-6816A90E282C}.Release|Any CPU.ActiveCfg = Release|Any CPU
		{9F46D9AE-C704-4167-AA6B-6816A90E282C}.Release|Any CPU.Build.0 = Release|Any CPU
	EndGlobalSection
	GlobalSection(SolutionProperties) = preSolution
		HideSolutionNode = FALSE
	EndGlobalSection
	GlobalSection(NestedProjects) = preSolution
		{D2D4868A-7DA3-4ED9-89EB-A5A061F6CD47} = {BC783C73-3CFE-471F-8EE5-1286E9D63EB2}
		{DDDEE91D-ECC0-40E0-9A10-461EE8CADF8D} = {BC783C73-3CFE-471F-8EE5-1286E9D63EB2}
		{9A33EBCF-CD08-418E-90C0-BF7ABDE1149B} = {EE239460-DD24-4501-A722-1F4014725C2F}
		{895BB321-0C8B-4F1F-A251-7F94570AA0A9} = {8C6D631E-62DC-4227-8496-6CE4E1805FD3}
		{932ED32C-164A-4716-A4FA-5D300D08BC55} = {8C6D631E-62DC-4227-8496-6CE4E1805FD3}
		{310DBA15-A4F8-45A9-9B6C-0E142B379967} = {BC783C73-3CFE-471F-8EE5-1286E9D63EB2}
		{9B22EB7D-44A1-4B95-8D25-040A20BF85B8} = {8C6D631E-62DC-4227-8496-6CE4E1805FD3}
		{9F46D9AE-C704-4167-AA6B-6816A90E282C} = {8C329F91-46EC-4C85-90D9-20839B59DD05}
	EndGlobalSection
	GlobalSection(ExtensibilityGlobals) = postSolution
		SolutionGuid = {EAD06840-0D00-4128-B7D2-5C1BD9472A84}
	EndGlobalSection
EndGlobal
