
Microsoft Visual Studio Solution File, Format Version 12.00
# Visual Studio Version 17
VisualStudioVersion = 17.8.34309.116
MinimumVisualStudioVersion = 10.0.40219.1
Project("{9A19103F-16F7-4668-BE54-9A1E7A4F7556}") = "PetHealthMonitor.Domain", "PetHealthMonitor.Domain\PetHealthMonitor.Domain.csproj", "{D2D4868A-7DA3-4ED9-89EB-A5A061F6CD47}"
EndProject
Project("{9A19103F-16F7-4668-BE54-9A1E7A4F7556}") = "PetHealthMonitor.Application", "PetHealthMonitor.Application\PetHealthMonitor.Application.csproj", "{DDDEE91D-ECC0-40E0-9A10-461EE8CADF8D}"
EndProject
Project("{9A19103F-16F7-4668-BE54-9A1E7A4F7556}") = "PetHealthMonitor.Infrastructure", "PetHealthMonitor.Infrastructure\PetHealthMonitor.Infrastructure.csproj", "{9A33EBCF-CD08-418E-90C0-BF7ABDE1149B}"
EndProject
Project("{9A19103F-16F7-4668-BE54-9A1E7A4F7556}") = "PetHealthMonitor.Consumer", "PetHealthMonitor.Consumer\PetHealthMonitor.Consumer.csproj", "{895BB321-0C8B-4F1F-A251-7F94570AA0A9}"
EndProject
Project("{9A19103F-16F7-4668-BE54-9A1E7A4F7556}") = "PetHealthMonitor.Producer", "PetHealthMonitor.Producer\PetHealthMonitor.Producer.csproj", "{932ED32C-164A-4716-A4FA-5D300D08BC55}"
EndProject
Project("{FAE04EC0-301F-11D3-BF4B-00C04F79EFBC}") = "PetHealthMonitor.IntegrationEvents", "PetHealthMonitor.IntegrationEvents\PetHealthMonitor.IntegrationEvents.csproj", "{310DBA15-A4F8-45A9-9B6C-0E142B379967}"
EndProject
Global
	GlobalSection(SolutionConfigurationPlatforms) = preSolution
		Debug|Any CPU = Debug|Any CPU
		Release|Any CPU = Release|Any CPU
	EndGlobalSection
	GlobalSection(ProjectConfigurationPlatforms) = postSolution
		{D2D4868A-7DA3-4ED9-89EB-A5A061F6CD47}.Debug|Any CPU.ActiveCfg = Debug|Any CPU
		{D2D4868A-7DA3-4ED9-89EB-A5A061F6CD47}.Debug|Any CPU.Build.0 = Debug|Any CPU
		{D2D4868A-7DA3-4ED9-89EB-A5A061F6CD47}.Release|Any CPU.ActiveCfg = Release|Any CPU
		{D2D4868A-7DA3-4ED9-89EB-A5A061F6CD47}.Release|Any CPU.Build.0 = Release|Any CPU
		{DDDEE91D-ECC0-40E0-9A10-461EE8CADF8D}.Debug|Any CPU.ActiveCfg = Debug|Any CPU
		{DDDEE91D-ECC0-40E0-9A10-461EE8CADF8D}.Debug|Any CPU.Build.0 = Debug|Any CPU
		{DDDEE91D-ECC0-40E0-9A10-461EE8CADF8D}.Release|Any CPU.ActiveCfg = Release|Any CPU
		{DDDEE91D-ECC0-40E0-9A10-461EE8CADF8D}.Release|Any CPU.Build.0 = Release|Any CPU
		{9A33EBCF-CD08-418E-90C0-BF7ABDE1149B}.Debug|Any CPU.ActiveCfg = Debug|Any CPU
		{9A33EBCF-CD08-418E-90C0-BF7ABDE1149B}.Debug|Any CPU.Build.0 = Debug|Any CPU
		{9A33EBCF-CD08-418E-90C0-BF7ABDE1149B}.Release|Any CPU.ActiveCfg = Release|Any CPU
		{9A33EBCF-CD08-418E-90C0-BF7ABDE1149B}.Release|Any CPU.Build.0 = Release|Any CPU
		{895BB321-0C8B-4F1F-A251-7F94570AA0A9}.Debug|Any CPU.ActiveCfg = Debug|Any CPU
		{895BB321-0C8B-4F1F-A251-7F94570AA0A9}.Debug|Any CPU.Build.0 = Debug|Any CPU
		{895BB321-0C8B-4F1F-A251-7F94570AA0A9}.Release|Any CPU.ActiveCfg = Release|Any CPU
		{895BB321-0C8B-4F1F-A251-7F94570AA0A9}.Release|Any CPU.Build.0 = Release|Any CPU
		{932ED32C-164A-4716-A4FA-5D300D08BC55}.Debug|Any CPU.ActiveCfg = Debug|Any CPU
		{932ED32C-164A-4716-A4FA-5D300D08BC55}.Debug|Any CPU.Build.0 = Debug|Any CPU
		{932ED32C-164A-4716-A4FA-5D300D08BC55}.Release|Any CPU.ActiveCfg = Release|Any CPU
		{932ED32C-164A-4716-A4FA-5D300D08BC55}.Release|Any CPU.Build.0 = Release|Any CPU
		{310DBA15-A4F8-45A9-9B6C-0E142B379967}.Debug|Any CPU.ActiveCfg = Debug|Any CPU
		{310DBA15-A4F8-45A9-9B6C-0E142B379967}.Debug|Any CPU.Build.0 = Debug|Any CPU
		{310DBA15-A4F8-45A9-9B6C-0E142B379967}.Release|Any CPU.ActiveCfg = Release|Any CPU
		{310DBA15-A4F8-45A9-9B6C-0E142B379967}.Release|Any CPU.Build.0 = Release|Any CPU
	EndGlobalSection
	GlobalSection(SolutionProperties) = preSolution
		HideSolutionNode = FALSE
	EndGlobalSection
	GlobalSection(ExtensibilityGlobals) = postSolution
		SolutionGuid = {EAD06840-0D00-4128-B7D2-5C1BD9472A84}
	EndGlobalSection
EndGlobal
